
Microsoft Visual Studio Solution File, Format Version 12.00
# Visual Studio Version 16
VisualStudioVersion = 16.0.31410.357
MinimumVisualStudioVersion = 10.0.40219.1
Project("{9A19103F-16F7-4668-BE54-9A1E7A4F7556}") = "EncryptionKeyDecryptor", "EncrytpionTest1\EncryptionKeyDecryptor.csproj", "{EBAF0772-7312-44E4-A094-18D23DE469A7}"
EndProject
Global
	GlobalSection(SolutionConfigurationPlatforms) = preSolution
		Debug|Any CPU = Debug|Any CPU
		Release|Any CPU = Release|Any CPU
	EndGlobalSection
	GlobalSection(ProjectConfigurationPlatforms) = postSolution
		{EBAF0772-7312-44E4-A094-18D23DE469A7}.Debug|Any CPU.ActiveCfg = Debug|Any CPU
		{EBAF0772-7312-44E4-A094-18D23DE469A7}.Debug|Any CPU.Build.0 = Debug|Any CPU
		{EBAF0772-7312-44E4-A094-18D23DE469A7}.Release|Any CPU.ActiveCfg = Release|Any CPU
		{EBAF0772-7312-44E4-A094-18D23DE469A7}.Release|Any CPU.Build.0 = Release|Any CPU
	EndGlobalSection
	GlobalSection(SolutionProperties) = preSolution
		HideSolutionNode = FALSE
	EndGlobalSection
	GlobalSection(ExtensibilityGlobals) = postSolution
		SolutionGuid = {2AAC4111-08D1-4697-8D58-42AB66D94B81}
	EndGlobalSection
EndGlobal
